
Microsoft Visual Studio Solution File, Format Version 12.00
# Visual Studio Express 2013 for Windows Desktop
VisualStudioVersion = 12.0.21005.1
MinimumVisualStudioVersion = 10.0.40219.1
Project("{FAE04EC0-301F-11D3-BF4B-00C04F79EFBC}") = "DokumentyPacjenci", "DokumentyPacjenci\DokumentyPacjenci.csproj", "{8ADCEDF0-4696-4F5E-9FD0-1B4D8E786671}"
EndProject
Global
	GlobalSection(SolutionConfigurationPlatforms) = preSolution
		Debug|Any CPU = Debug|Any CPU
		Release|Any CPU = Release|Any CPU
	EndGlobalSection
	GlobalSection(ProjectConfigurationPlatforms) = postSolution
		{8ADCEDF0-4696-4F5E-9FD0-1B4D8E786671}.Debug|Any CPU.ActiveCfg = Debug|Any CPU
		{8ADCEDF0-4696-4F5E-9FD0-1B4D8E786671}.Debug|Any CPU.Build.0 = Debug|Any CPU
		{8ADCEDF0-4696-4F5E-9FD0-1B4D8E786671}.Release|Any CPU.ActiveCfg = Release|Any CPU
		{8ADCEDF0-4696-4F5E-9FD0-1B4D8E786671}.Release|Any CPU.Build.0 = Release|Any CPU
	EndGlobalSection
	GlobalSection(SolutionProperties) = preSolution
		HideSolutionNode = FALSE
	EndGlobalSection
EndGlobal
